
Microsoft Visual Studio Solution File, Format Version 12.00
# Visual Studio Version 17
VisualStudioVersion = 17.1.32228.430
MinimumVisualStudioVersion = 10.0.40219.1
Project("{FAE04EC0-301F-11D3-BF4B-00C04F79EFBC}") = "VCard", "VCard\VCard.csproj", "{39B4716D-816F-4595-A07F-CFA6C07D27B4}"
EndProject
Global
	GlobalSection(SolutionConfigurationPlatforms) = preSolution
		Debug|Any CPU = Debug|Any CPU
		Release|Any CPU = Release|Any CPU
	EndGlobalSection
	GlobalSection(ProjectConfigurationPlatforms) = postSolution
		{39B4716D-816F-4595-A07F-CFA6C07D27B4}.Debug|Any CPU.ActiveCfg = Debug|Any CPU
		{39B4716D-816F-4595-A07F-CFA6C07D27B4}.Debug|Any CPU.Build.0 = Debug|Any CPU
		{39B4716D-816F-4595-A07F-CFA6C07D27B4}.Release|Any CPU.ActiveCfg = Release|Any CPU
		{39B4716D-816F-4595-A07F-CFA6C07D27B4}.Release|Any CPU.Build.0 = Release|Any CPU
	EndGlobalSection
	GlobalSection(SolutionProperties) = preSolution
		HideSolutionNode = FALSE
	EndGlobalSection
	GlobalSection(ExtensibilityGlobals) = postSolution
		SolutionGuid = {3E1AED2F-A46E-4FB2-9ABA-31D2AFE7AE80}
	EndGlobalSection
EndGlobal
